
Microsoft Visual Studio Solution File, Format Version 12.00
# Visual Studio Version 16
VisualStudioVersion = 16.0.29123.89
MinimumVisualStudioVersion = 10.0.40219.1
Project("{9A19103F-16F7-4668-BE54-9A1E7A4F7556}") = "GtkBasicForm", "GtkBasicForm.csproj", "{6E4B8C89-D25B-4A1C-BB78-481FCD6D8D63}"
EndProject
Global
	GlobalSection(SolutionConfigurationPlatforms) = preSolution
		Debug|Any CPU = Debug|Any CPU
		Release|Any CPU = Release|Any CPU
	EndGlobalSection
	GlobalSection(ProjectConfigurationPlatforms) = postSolution
		{6E4B8C89-D25B-4A1C-BB78-481FCD6D8D63}.Debug|Any CPU.ActiveCfg = Debug|Any CPU
		{6E4B8C89-D25B-4A1C-BB78-481FCD6D8D63}.Debug|Any CPU.Build.0 = Debug|Any CPU
		{6E4B8C89-D25B-4A1C-BB78-481FCD6D8D63}.Release|Any CPU.ActiveCfg = Release|Any CPU
		{6E4B8C89-D25B-4A1C-BB78-481FCD6D8D63}.Release|Any CPU.Build.0 = Release|Any CPU
	EndGlobalSection
	GlobalSection(SolutionProperties) = preSolution
		HideSolutionNode = FALSE
	EndGlobalSection
	GlobalSection(ExtensibilityGlobals) = postSolution
		SolutionGuid = {2C5FC8E9-38CB-43FE-A930-172BE0639BAE}
	EndGlobalSection
EndGlobal
