
Microsoft Visual Studio Solution File, Format Version 12.00
# Visual Studio Version 16
VisualStudioVersion = 16.0.28822.285
MinimumVisualStudioVersion = 10.0.40219.1
Project("{9A19103F-16F7-4668-BE54-9A1E7A4F7556}") = "QML.photoshopForm", "QML.photoshopForm.csproj", "{F985F719-7D97-4CC5-81D2-05D13C732D74}"
EndProject
Global
	GlobalSection(SolutionConfigurationPlatforms) = preSolution
		Debug|Any CPU = Debug|Any CPU
		Release|Any CPU = Release|Any CPU
	EndGlobalSection
	GlobalSection(ProjectConfigurationPlatforms) = postSolution
		{F985F719-7D97-4CC5-81D2-05D13C732D74}.Debug|Any CPU.ActiveCfg = Debug|Any CPU
		{F985F719-7D97-4CC5-81D2-05D13C732D74}.Debug|Any CPU.Build.0 = Debug|Any CPU
		{F985F719-7D97-4CC5-81D2-05D13C732D74}.Release|Any CPU.ActiveCfg = Release|Any CPU
		{F985F719-7D97-4CC5-81D2-05D13C732D74}.Release|Any CPU.Build.0 = Release|Any CPU
	EndGlobalSection
	GlobalSection(SolutionProperties) = preSolution
		HideSolutionNode = FALSE
	EndGlobalSection
	GlobalSection(ExtensibilityGlobals) = postSolution
		SolutionGuid = {16D9CEB5-7906-434C-9B7D-BE8C8065A003}
	EndGlobalSection
EndGlobal
